
Microsoft Visual Studio Solution File, Format Version 12.00
# Visual Studio Version 16
VisualStudioVersion = 16.0.31205.134
MinimumVisualStudioVersion = 10.0.40219.1
Project("{2150E333-8FDC-42A3-9474-1A3956D46DE8}") = "data", "data", "{6655A33A-95F0-46EC-B7A9-39C71AC2B61F}"
EndProject
Project("{2150E333-8FDC-42A3-9474-1A3956D46DE8}") = "test", "test", "{5838DA6D-5A6B-49AB-8F3B-5A56B20334AB}"
EndProject
Project("{2150E333-8FDC-42A3-9474-1A3956D46DE8}") = "web", "web", "{73A2C4DB-90AA-47D5-BD95-1111394BC4D7}"
EndProject
Project("{9A19103F-16F7-4668-BE54-9A1E7A4F7556}") = "JWT", "JWT\JWT.csproj", "{F9102896-5C59-49F7-9BB9-BB2094EB446A}"
EndProject
Project("{9A19103F-16F7-4668-BE54-9A1E7A4F7556}") = "ApiModel", "ApiModel\ApiModel.csproj", "{D32BEC5F-CB09-4D7F-A2AE-177C97D09B00}"
EndProject
Project("{9A19103F-16F7-4668-BE54-9A1E7A4F7556}") = "ApiRepositories", "ApiRepositories\ApiRepositories.csproj", "{A1C55FDE-B3AC-428D-9755-E1EFEA3F3EC1}"
EndProject
Project("{9A19103F-16F7-4668-BE54-9A1E7A4F7556}") = "ApiUnitOfWork", "ApiUnitOfWork\ApiUnitOfWork.csproj", "{44D31FF3-AF6F-45C6-854D-4EBDCF5E3C94}"
EndProject
Project("{9A19103F-16F7-4668-BE54-9A1E7A4F7556}") = "ApiDataAccess", "ApiDataAccess\ApiDataAccess.csproj", "{47D488E3-734C-4D8D-9DF9-FC28B738264E}"
EndProject
Project("{9A19103F-16F7-4668-BE54-9A1E7A4F7556}") = "ApiLogic", "ApiLogic\ApiLogic.csproj", "{27C487DC-50CA-432B-8EF5-EB3B32D24524}"
EndProject
Project("{9A19103F-16F7-4668-BE54-9A1E7A4F7556}") = "WebApi", "WebApi\WebApi.csproj", "{7E894DD4-0174-4D19-A6AA-989754876E8B}"
EndProject
Project("{9A19103F-16F7-4668-BE54-9A1E7A4F7556}") = "Encryption", "Encryption\Encryption.csproj", "{1EA436A4-B932-47E2-B221-A8ADE8E77693}"
EndProject
Project("{9A19103F-16F7-4668-BE54-9A1E7A4F7556}") = "Settings", "Settings\Settings.csproj", "{7B105BE7-43B4-4B19-81C0-32A6322673DE}"
EndProject
Global
	GlobalSection(SolutionConfigurationPlatforms) = preSolution
		Debug|Any CPU = Debug|Any CPU
		Release|Any CPU = Release|Any CPU
	EndGlobalSection
	GlobalSection(ProjectConfigurationPlatforms) = postSolution
		{F9102896-5C59-49F7-9BB9-BB2094EB446A}.Debug|Any CPU.ActiveCfg = Debug|Any CPU
		{F9102896-5C59-49F7-9BB9-BB2094EB446A}.Debug|Any CPU.Build.0 = Debug|Any CPU
		{F9102896-5C59-49F7-9BB9-BB2094EB446A}.Release|Any CPU.ActiveCfg = Release|Any CPU
		{F9102896-5C59-49F7-9BB9-BB2094EB446A}.Release|Any CPU.Build.0 = Release|Any CPU
		{D32BEC5F-CB09-4D7F-A2AE-177C97D09B00}.Debug|Any CPU.ActiveCfg = Debug|Any CPU
		{D32BEC5F-CB09-4D7F-A2AE-177C97D09B00}.Debug|Any CPU.Build.0 = Debug|Any CPU
		{D32BEC5F-CB09-4D7F-A2AE-177C97D09B00}.Release|Any CPU.ActiveCfg = Release|Any CPU
		{D32BEC5F-CB09-4D7F-A2AE-177C97D09B00}.Release|Any CPU.Build.0 = Release|Any CPU
		{A1C55FDE-B3AC-428D-9755-E1EFEA3F3EC1}.Debug|Any CPU.ActiveCfg = Debug|Any CPU
		{A1C55FDE-B3AC-428D-9755-E1EFEA3F3EC1}.Debug|Any CPU.Build.0 = Debug|Any CPU
		{A1C55FDE-B3AC-428D-9755-E1EFEA3F3EC1}.Release|Any CPU.ActiveCfg = Release|Any CPU
		{A1C55FDE-B3AC-428D-9755-E1EFEA3F3EC1}.Release|Any CPU.Build.0 = Release|Any CPU
		{44D31FF3-AF6F-45C6-854D-4EBDCF5E3C94}.Debug|Any CPU.ActiveCfg = Debug|Any CPU
		{44D31FF3-AF6F-45C6-854D-4EBDCF5E3C94}.Debug|Any CPU.Build.0 = Debug|Any CPU
		{44D31FF3-AF6F-45C6-854D-4EBDCF5E3C94}.Release|Any CPU.ActiveCfg = Release|Any CPU
		{44D31FF3-AF6F-45C6-854D-4EBDCF5E3C94}.Release|Any CPU.Build.0 = Release|Any CPU
		{47D488E3-734C-4D8D-9DF9-FC28B738264E}.Debug|Any CPU.ActiveCfg = Debug|Any CPU
		{47D488E3-734C-4D8D-9DF9-FC28B738264E}.Debug|Any CPU.Build.0 = Debug|Any CPU
		{47D488E3-734C-4D8D-9DF9-FC28B738264E}.Release|Any CPU.ActiveCfg = Release|Any CPU
		{47D488E3-734C-4D8D-9DF9-FC28B738264E}.Release|Any CPU.Build.0 = Release|Any CPU
		{27C487DC-50CA-432B-8EF5-EB3B32D24524}.Debug|Any CPU.ActiveCfg = Debug|Any CPU
		{27C487DC-50CA-432B-8EF5-EB3B32D24524}.Debug|Any CPU.Build.0 = Debug|Any CPU
		{27C487DC-50CA-432B-8EF5-EB3B32D24524}.Release|Any CPU.ActiveCfg = Release|Any CPU
		{27C487DC-50CA-432B-8EF5-EB3B32D24524}.Release|Any CPU.Build.0 = Release|Any CPU
		{7E894DD4-0174-4D19-A6AA-989754876E8B}.Debug|Any CPU.ActiveCfg = Debug|Any CPU
		{7E894DD4-0174-4D19-A6AA-989754876E8B}.Debug|Any CPU.Build.0 = Debug|Any CPU
		{7E894DD4-0174-4D19-A6AA-989754876E8B}.Release|Any CPU.ActiveCfg = Release|Any CPU
		{7E894DD4-0174-4D19-A6AA-989754876E8B}.Release|Any CPU.Build.0 = Release|Any CPU
		{1EA436A4-B932-47E2-B221-A8ADE8E77693}.Debug|Any CPU.ActiveCfg = Debug|Any CPU
		{1EA436A4-B932-47E2-B221-A8ADE8E77693}.Debug|Any CPU.Build.0 = Debug|Any CPU
		{1EA436A4-B932-47E2-B221-A8ADE8E77693}.Release|Any CPU.ActiveCfg = Release|Any CPU
		{1EA436A4-B932-47E2-B221-A8ADE8E77693}.Release|Any CPU.Build.0 = Release|Any CPU
		{7B105BE7-43B4-4B19-81C0-32A6322673DE}.Debug|Any CPU.ActiveCfg = Debug|Any CPU
		{7B105BE7-43B4-4B19-81C0-32A6322673DE}.Debug|Any CPU.Build.0 = Debug|Any CPU
		{7B105BE7-43B4-4B19-81C0-32A6322673DE}.Release|Any CPU.ActiveCfg = Release|Any CPU
		{7B105BE7-43B4-4B19-81C0-32A6322673DE}.Release|Any CPU.Build.0 = Release|Any CPU
	EndGlobalSection
	GlobalSection(SolutionProperties) = preSolution
		HideSolutionNode = FALSE
	EndGlobalSection
	GlobalSection(NestedProjects) = preSolution
		{F9102896-5C59-49F7-9BB9-BB2094EB446A} = {6655A33A-95F0-46EC-B7A9-39C71AC2B61F}
		{D32BEC5F-CB09-4D7F-A2AE-177C97D09B00} = {6655A33A-95F0-46EC-B7A9-39C71AC2B61F}
		{A1C55FDE-B3AC-428D-9755-E1EFEA3F3EC1} = {6655A33A-95F0-46EC-B7A9-39C71AC2B61F}
		{44D31FF3-AF6F-45C6-854D-4EBDCF5E3C94} = {6655A33A-95F0-46EC-B7A9-39C71AC2B61F}
		{47D488E3-734C-4D8D-9DF9-FC28B738264E} = {6655A33A-95F0-46EC-B7A9-39C71AC2B61F}
		{27C487DC-50CA-432B-8EF5-EB3B32D24524} = {6655A33A-95F0-46EC-B7A9-39C71AC2B61F}
		{7E894DD4-0174-4D19-A6AA-989754876E8B} = {73A2C4DB-90AA-47D5-BD95-1111394BC4D7}
		{1EA436A4-B932-47E2-B221-A8ADE8E77693} = {6655A33A-95F0-46EC-B7A9-39C71AC2B61F}
		{7B105BE7-43B4-4B19-81C0-32A6322673DE} = {6655A33A-95F0-46EC-B7A9-39C71AC2B61F}
	EndGlobalSection
	GlobalSection(ExtensibilityGlobals) = postSolution
		SolutionGuid = {A70008B1-E9EC-46EF-9B1F-00990C986022}
	EndGlobalSection
EndGlobal
